
Microsoft Visual Studio Solution File, Format Version 12.00
# Visual Studio Version 17
VisualStudioVersion = 17.13.35818.85
MinimumVisualStudioVersion = 10.0.40219.1
Project("{FAE04EC0-301F-11D3-BF4B-00C04F79EFBC}") = "DevStudy.Application", "DevStudy.Application\DevStudy.Application.csproj", "{C3815846-2D09-49F4-A47C-68295341CFE4}"
EndProject
Project("{FAE04EC0-301F-11D3-BF4B-00C04F79EFBC}") = "DevStudy.Infrastructure", "DevStudy.Infrastructure\DevStudy.Infrastructure.csproj", "{B394A6A8-33A0-4506-AD0E-07090A51297A}"
EndProject
Project("{FAE04EC0-301F-11D3-BF4B-00C04F79EFBC}") = "DevStudy.API", "DevStudy.API\DevStudy.API.csproj", "{86B7C8E7-19CF-4383-A293-DD2AA65D9D1E}"
EndProject
Project("{FAE04EC0-301F-11D3-BF4B-00C04F79EFBC}") = "DevStudy.Domain", "DevStudy.Domain\DevStudy.Domain.csproj", "{A7B8AE08-4E38-4BC6-B5BD-1EB67E964020}"
EndProject
Project("{FAE04EC0-301F-11D3-BF4B-00C04F79EFBC}") = "DevStudy.FrontEnd", "DevStudy.FrontEnd\DevStudy.FrontEnd.csproj", "{E766E193-F4B2-413E-AD00-4EA2C43125A9}"
EndProject
Global
	GlobalSection(SolutionConfigurationPlatforms) = preSolution
		Debug|Any CPU = Debug|Any CPU
		Release|Any CPU = Release|Any CPU
	EndGlobalSection
	GlobalSection(ProjectConfigurationPlatforms) = postSolution
		{C3815846-2D09-49F4-A47C-68295341CFE4}.Debug|Any CPU.ActiveCfg = Debug|Any CPU
		{C3815846-2D09-49F4-A47C-68295341CFE4}.Debug|Any CPU.Build.0 = Debug|Any CPU
		{C3815846-2D09-49F4-A47C-68295341CFE4}.Release|Any CPU.ActiveCfg = Release|Any CPU
		{C3815846-2D09-49F4-A47C-68295341CFE4}.Release|Any CPU.Build.0 = Release|Any CPU
		{B394A6A8-33A0-4506-AD0E-07090A51297A}.Debug|Any CPU.ActiveCfg = Debug|Any CPU
		{B394A6A8-33A0-4506-AD0E-07090A51297A}.Debug|Any CPU.Build.0 = Debug|Any CPU
		{B394A6A8-33A0-4506-AD0E-07090A51297A}.Release|Any CPU.ActiveCfg = Release|Any CPU
		{B394A6A8-33A0-4506-AD0E-07090A51297A}.Release|Any CPU.Build.0 = Release|Any CPU
		{86B7C8E7-19CF-4383-A293-DD2AA65D9D1E}.Debug|Any CPU.ActiveCfg = Debug|Any CPU
		{86B7C8E7-19CF-4383-A293-DD2AA65D9D1E}.Debug|Any CPU.Build.0 = Debug|Any CPU
		{86B7C8E7-19CF-4383-A293-DD2AA65D9D1E}.Release|Any CPU.ActiveCfg = Release|Any CPU
		{86B7C8E7-19CF-4383-A293-DD2AA65D9D1E}.Release|Any CPU.Build.0 = Release|Any CPU
		{A7B8AE08-4E38-4BC6-B5BD-1EB67E964020}.Debug|Any CPU.ActiveCfg = Debug|Any CPU
		{A7B8AE08-4E38-4BC6-B5BD-1EB67E964020}.Debug|Any CPU.Build.0 = Debug|Any CPU
		{A7B8AE08-4E38-4BC6-B5BD-1EB67E964020}.Release|Any CPU.ActiveCfg = Release|Any CPU
		{A7B8AE08-4E38-4BC6-B5BD-1EB67E964020}.Release|Any CPU.Build.0 = Release|Any CPU
		{E766E193-F4B2-413E-AD00-4EA2C43125A9}.Debug|Any CPU.ActiveCfg = Debug|Any CPU
		{E766E193-F4B2-413E-AD00-4EA2C43125A9}.Debug|Any CPU.Build.0 = Debug|Any CPU
		{E766E193-F4B2-413E-AD00-4EA2C43125A9}.Release|Any CPU.ActiveCfg = Release|Any CPU
		{E766E193-F4B2-413E-AD00-4EA2C43125A9}.Release|Any CPU.Build.0 = Release|Any CPU
	EndGlobalSection
	GlobalSection(SolutionProperties) = preSolution
		HideSolutionNode = FALSE
	EndGlobalSection
	GlobalSection(ExtensibilityGlobals) = postSolution
		SolutionGuid = {0D67D73C-0A14-438D-A16E-9A02732816CE}
	EndGlobalSection
EndGlobal
